
Microsoft Visual Studio Solution File, Format Version 12.00
# Visual Studio 2013
VisualStudioVersion = 12.0.31101.0
MinimumVisualStudioVersion = 10.0.40219.1
Project("{2150E333-8FDC-42A3-9474-1A3956D46DE8}") = "WebApplication", "WebApplication", "{2BBAB671-D170-46C3-B188-1768511A5C3C}"
EndProject
Project("{2150E333-8FDC-42A3-9474-1A3956D46DE8}") = "Database", "Database", "{B3CDE468-5519-4D1F-A6EA-878AB61FBBA2}"
EndProject
Project("{00D1A9C2-B5F0-4AF3-8072-F6C62B433612}") = "RP_Client", "RP_Client\RP_Client.sqlproj", "{5482EB46-B639-4B5E-A9A3-6FD492C7677E}"
EndProject
Project("{00D1A9C2-B5F0-4AF3-8072-F6C62B433612}") = "RP_Vertical_US", "RP_Vertical.US\RP_Vertical_US.sqlproj", "{C54BC45D-3217-45B7-AE7C-940C5522B15B}"
EndProject
Project("{00D1A9C2-B5F0-4AF3-8072-F6C62B433612}") = "RP_System", "RP_System\RP_System.sqlproj", "{14519B66-9695-4393-A108-9A65351EF328}"
EndProject
Project("{FAE04EC0-301F-11D3-BF4B-00C04F79EFBC}") = "RRD.FSG.RP.Web.UI.Hosted", "RRD.FSG.RP.Web.UI.Hosted\RRD.FSG.RP.Web.UI.Hosted.csproj", "{2E43B17C-736B-49F7-BBBD-A5712F4BD75C}"
EndProject
Project("{FAE04EC0-301F-11D3-BF4B-00C04F79EFBC}") = "RRD.FSG.RP.Utilities", "RRD.FSG.RP.Utilities\RRD.FSG.RP.Utilities.csproj", "{CD1E0F10-FD82-45EC-8165-300A4D8B084E}"
EndProject
Project("{2150E333-8FDC-42A3-9474-1A3956D46DE8}") = "UnitTest", "UnitTest", "{90D304AC-67BA-40A2-A99A-2EA705FDE9AD}"
EndProject
Project("{FAE04EC0-301F-11D3-BF4B-00C04F79EFBC}") = "RRD.FSG.RP.Web.UI.HostedAdmin", "RRD.FSG.RP.Web.UI.HostedAdmin\RRD.FSG.RP.Web.UI.HostedAdmin.csproj", "{320E5594-18DD-4CA3-A1C5-B3A5640E5D2C}"
EndProject
Project("{FAE04EC0-301F-11D3-BF4B-00C04F79EFBC}") = "RRD.FSG.RP.Model", "RRD.FSG.RP.Model\RRD.FSG.RP.Model.csproj", "{DB74BD37-160C-441D-A33B-620789A8EDD3}"
EndProject
Project("{FAE04EC0-301F-11D3-BF4B-00C04F79EFBC}") = "RRD.FSG.RP.Model.Test", "RRD.FSG.RP.Model.Test\RRD.FSG.RP.Model.Test.csproj", "{50A9CFAF-F368-4F8D-B698-D837EFF70B1B}"
EndProject
Project("{2150E333-8FDC-42A3-9474-1A3956D46DE8}") = "Xml Schemas", "Xml Schemas", "{0850D22B-3209-4423-A37A-D9A4525A0954}"
EndProject
Project("{2150E333-8FDC-42A3-9474-1A3956D46DE8}") = "Hosted", "Hosted", "{F2B52CD4-640E-411E-A0A3-9C4C37AC88CA}"
	ProjectSection(SolutionItems) = preProject
		Schema\hostedSchema\commonTypes.xsd = Schema\hostedSchema\commonTypes.xsd
	EndProjectSection
EndProject
Project("{2150E333-8FDC-42A3-9474-1A3956D46DE8}") = "Import and Export", "Import and Export", "{40084E56-A551-4EE4-969D-AE3309F02D06}"
	ProjectSection(SolutionItems) = preProject
		Schema\hostedSchema\clientDocumentGroup.xsd = Schema\hostedSchema\clientDocumentGroup.xsd
		Schema\hostedSchema\clientDocumentGroupLink.xsd = Schema\hostedSchema\clientDocumentGroupLink.xsd
		Schema\hostedSchema\clientDocumentLink.xsd = Schema\hostedSchema\clientDocumentLink.xsd
		Schema\hostedSchema\documentTypeAssociation.xsd = Schema\hostedSchema\documentTypeAssociation.xsd
		Schema\hostedSchema\documentTypeExternalId.xsd = Schema\hostedSchema\documentTypeExternalId.xsd
		Schema\hostedSchema\export.xsd = Schema\hostedSchema\export.xsd
		Schema\hostedSchema\externalId.xsd = Schema\hostedSchema\externalId.xsd
		Schema\hostedSchema\feature.xsd = Schema\hostedSchema\feature.xsd
		Schema\hostedSchema\footnote.xsd = Schema\hostedSchema\footnote.xsd
		Schema\hostedSchema\hostedSchema.xsd = Schema\hostedSchema\hostedSchema.xsd
		Schema\hostedSchema\import.xsd = Schema\hostedSchema\import.xsd
		Schema\hostedSchema\metaData.xsd = Schema\hostedSchema\metaData.xsd
		Schema\hostedSchema\page.xsd = Schema\hostedSchema\page.xsd
		Schema\hostedSchema\pageNavigation.xsd = Schema\hostedSchema\pageNavigation.xsd
		Schema\hostedSchema\site.xsd = Schema\hostedSchema\site.xsd
		Schema\hostedSchema\siteNavigation.xsd = Schema\hostedSchema\siteNavigation.xsd
		Schema\hostedSchema\taxonomyAssociation.xsd = Schema\hostedSchema\taxonomyAssociation.xsd
		Schema\hostedSchema\taxonomyAssociationGroup.xsd = Schema\hostedSchema\taxonomyAssociationGroup.xsd
		Schema\hostedSchema\taxonomyAssociationHierarchy.xsd = Schema\hostedSchema\taxonomyAssociationHierarchy.xsd
		Schema\hostedSchema\taxonomyAssociationLink.xsd = Schema\hostedSchema\taxonomyAssociationLink.xsd
		Schema\hostedSchema\taxonomyLevelExternalId.xsd = Schema\hostedSchema\taxonomyLevelExternalId.xsd
		Schema\hostedSchema\text.xsd = Schema\hostedSchema\text.xsd
		Schema\hostedSchema\urlRewrite.xsd = Schema\hostedSchema\urlRewrite.xsd
	EndProjectSection
EndProject
Project("{2150E333-8FDC-42A3-9474-1A3956D46DE8}") = "Navigation", "Navigation", "{17DC4CD9-8172-4DBC-9E2B-6B7826467693}"
	ProjectSection(SolutionItems) = preProject
		Schema\hostedSchema\menuItem.xsd = Schema\hostedSchema\menuItem.xsd
		Schema\hostedSchema\menuRoot.xsd = Schema\hostedSchema\menuRoot.xsd
	EndProjectSection
EndProject
Project("{FAE04EC0-301F-11D3-BF4B-00C04F79EFBC}") = "RRD.FSG.RP.Model.Cache", "RRD.FSG.RP.Model.Cache\RRD.FSG.RP.Model.Cache.csproj", "{45464429-708B-4797-8B08-8C79113179E4}"
EndProject
Project("{2150E333-8FDC-42A3-9474-1A3956D46DE8}") = "WindowsServices", "WindowsServices", "{DB020BC2-D2C3-482B-BC74-1C4342AF5FEF}"
EndProject
Project("{FAE04EC0-301F-11D3-BF4B-00C04F79EFBC}") = "RRD.FSG.RP.Services.HostedXmlImportExport", "RRD.FSG.RP.Services.HostedXmlImportExport\RRD.FSG.RP.Services.HostedXmlImportExport.csproj", "{00D031FC-3CE0-4907-9EF3-6EBDC4BB9B3F}"
EndProject
Project("{FAE04EC0-301F-11D3-BF4B-00C04F79EFBC}") = "RRD.FSG.RP.Scheduler", "RRD.FSG.RP.Scheduler\RRD.FSG.RP.Scheduler.csproj", "{FEF98AEC-94EF-4C8E-BBFE-2849CAA81F25}"
EndProject
Project("{FAE04EC0-301F-11D3-BF4B-00C04F79EFBC}") = "RRD.FSG.RP.Services.ScheduleTasks", "RRD.FSG.RP.Services.ScheduleTasks\RRD.FSG.RP.Services.ScheduleTasks.csproj", "{ADA2F884-C573-40D9-B877-D9E0DD1AE73B}"
EndProject
Project("{FAE04EC0-301F-11D3-BF4B-00C04F79EFBC}") = "RRD.FSG.RP.Web.UI.HostedAdmin.UnitTests", "RRD.FSG.RP.Web.UI.HostedAdmin.UnitTests\RRD.FSG.RP.Web.UI.HostedAdmin.UnitTests.csproj", "{599E24D1-ABE7-49A7-8212-2E16ACB40967}"
EndProject
Project("{FAE04EC0-301F-11D3-BF4B-00C04F79EFBC}") = "RRD.FSG.RP.Scheduler.Test", "RRD.FSG.RP.Scheduler.Test\RRD.FSG.RP.Scheduler.Test.csproj", "{C9B17965-C416-41E4-9814-19A967974F46}"
EndProject
Global
	GlobalSection(TeamFoundationVersionControl) = preSolution
		SccNumberOfProjects = 15
		SccEnterpriseProvider = {4CA58AB2-18FA-4F8D-95D4-32DDF27D184C}
		SccTeamFoundationServer = http://10.78.150.229:8080/tfs/rightprospectus%20collection
		SccLocalPath0 = .
		SccProjectUniqueName1 = RP_Client\\RP_Client.sqlproj
		SccProjectTopLevelParentUniqueName1 = RightProspectusV2.sln
		SccProjectName1 = RP_Client
		SccLocalPath1 = RP_Client
		SccProjectUniqueName2 = RP_System\\RP_System.sqlproj
		SccProjectTopLevelParentUniqueName2 = RightProspectusV2.sln
		SccProjectName2 = RP_System
		SccLocalPath2 = RP_System
		SccProjectUniqueName3 = RP_Vertical.US\\RP_Vertical_US.sqlproj
		SccProjectTopLevelParentUniqueName3 = RightProspectusV2.sln
		SccProjectName3 = RP_Vertical.US
		SccLocalPath3 = RP_Vertical.US
		SccProjectUniqueName4 = RRD.FSG.RP.Utilities\\RRD.FSG.RP.Utilities.csproj
		SccProjectName4 = RRD.FSG.RP.Utilities
		SccLocalPath4 = RRD.FSG.RP.Utilities
		SccProjectUniqueName5 = RRD.FSG.RP.Web.UI.Hosted\\RRD.FSG.RP.Web.UI.Hosted.csproj
		SccProjectTopLevelParentUniqueName5 = RightProspectusV2.sln
		SccProjectName5 = RRD.FSG.RP.Web.UI.Hosted
		SccLocalPath5 = RRD.FSG.RP.Web.UI.Hosted
		SccProjectUniqueName6 = RRD.FSG.RP.Web.UI.HostedAdmin\\RRD.FSG.RP.Web.UI.HostedAdmin.csproj
		SccProjectTopLevelParentUniqueName6 = RightProspectusV2.sln
		SccProjectName6 = RRD.FSG.RP.Web.UI.HostedAdmin
		SccLocalPath6 = RRD.FSG.RP.Web.UI.HostedAdmin
		SccProjectUniqueName7 = RRD.FSG.RP.Model\\RRD.FSG.RP.Model.csproj
		SccProjectName7 = RRD.FSG.RP.Model
		SccLocalPath7 = RRD.FSG.RP.Model
		SccProjectUniqueName8 = RRD.FSG.RP.Model.Test\\RRD.FSG.RP.Model.Test.csproj
		SccProjectTopLevelParentUniqueName8 = RightProspectusV2.sln
		SccProjectName8 = RRD.FSG.RP.Model.Test
		SccLocalPath8 = RRD.FSG.RP.Model.Test
		SccProjectUniqueName9 = RRD.FSG.RP.Model.Cache\\RRD.FSG.RP.Model.Cache.csproj
		SccProjectName9 = RRD.FSG.RP.Model.Cache
		SccLocalPath9 = RRD.FSG.RP.Model.Cache
		SccProjectUniqueName10 = RRD.FSG.RP.Services.HostedXmlImportExport\\RRD.FSG.RP.Services.HostedXmlImportExport.csproj
		SccProjectTopLevelParentUniqueName10 = RightProspectusV2.sln
		SccProjectName10 = RRD.FSG.RP.Services.HostedXmlImportExport
		SccLocalPath10 = RRD.FSG.RP.Services.HostedXmlImportExport
		SccProjectUniqueName11 = RRD.FSG.RP.Scheduler\\RRD.FSG.RP.Scheduler.csproj
		SccProjectName11 = RRD.FSG.RP.Scheduler
		SccLocalPath11 = RRD.FSG.RP.Scheduler
		SccProjectUniqueName12 = RRD.FSG.RP.Services.ScheduleTasks\\RRD.FSG.RP.Services.ScheduleTasks.csproj
		SccProjectTopLevelParentUniqueName12 = RightProspectusV2.sln
		SccProjectName12 = RRD.FSG.RP.Services.ScheduleTasks
		SccLocalPath12 = RRD.FSG.RP.Services.ScheduleTasks
		SccProjectUniqueName13 = RRD.FSG.RP.Web.UI.HostedAdmin.UnitTests\\RRD.FSG.RP.Web.UI.HostedAdmin.UnitTests.csproj
		SccProjectTopLevelParentUniqueName13 = RightProspectusV2.sln
		SccProjectName13 = RRD.FSG.RP.Web.UI.HostedAdmin.UnitTests
		SccLocalPath13 = RRD.FSG.RP.Web.UI.HostedAdmin.UnitTests
		SccProjectUniqueName14 = RRD.FSG.RP.Scheduler.Test\\RRD.FSG.RP.Scheduler.Test.csproj
		SccProjectTopLevelParentUniqueName14 = RightProspectusV2.sln
		SccProjectName14 = RRD.FSG.RP.Scheduler.Test
		SccLocalPath14 = RRD.FSG.RP.Scheduler.Test
	EndGlobalSection
	GlobalSection(SolutionConfigurationPlatforms) = preSolution
		Debug|Any CPU = Debug|Any CPU
		Release|Any CPU = Release|Any CPU
	EndGlobalSection
	GlobalSection(ProjectConfigurationPlatforms) = postSolution
		{5482EB46-B639-4B5E-A9A3-6FD492C7677E}.Debug|Any CPU.ActiveCfg = Debug|Any CPU
		{5482EB46-B639-4B5E-A9A3-6FD492C7677E}.Debug|Any CPU.Build.0 = Debug|Any CPU
		{5482EB46-B639-4B5E-A9A3-6FD492C7677E}.Debug|Any CPU.Deploy.0 = Debug|Any CPU
		{5482EB46-B639-4B5E-A9A3-6FD492C7677E}.Release|Any CPU.ActiveCfg = Release|Any CPU
		{5482EB46-B639-4B5E-A9A3-6FD492C7677E}.Release|Any CPU.Build.0 = Release|Any CPU
		{5482EB46-B639-4B5E-A9A3-6FD492C7677E}.Release|Any CPU.Deploy.0 = Release|Any CPU
		{C54BC45D-3217-45B7-AE7C-940C5522B15B}.Debug|Any CPU.ActiveCfg = Debug|Any CPU
		{C54BC45D-3217-45B7-AE7C-940C5522B15B}.Debug|Any CPU.Build.0 = Debug|Any CPU
		{C54BC45D-3217-45B7-AE7C-940C5522B15B}.Debug|Any CPU.Deploy.0 = Debug|Any CPU
		{C54BC45D-3217-45B7-AE7C-940C5522B15B}.Release|Any CPU.ActiveCfg = Release|Any CPU
		{C54BC45D-3217-45B7-AE7C-940C5522B15B}.Release|Any CPU.Build.0 = Release|Any CPU
		{C54BC45D-3217-45B7-AE7C-940C5522B15B}.Release|Any CPU.Deploy.0 = Release|Any CPU
		{14519B66-9695-4393-A108-9A65351EF328}.Debug|Any CPU.ActiveCfg = Debug|Any CPU
		{14519B66-9695-4393-A108-9A65351EF328}.Debug|Any CPU.Build.0 = Debug|Any CPU
		{14519B66-9695-4393-A108-9A65351EF328}.Debug|Any CPU.Deploy.0 = Debug|Any CPU
		{14519B66-9695-4393-A108-9A65351EF328}.Release|Any CPU.ActiveCfg = Release|Any CPU
		{14519B66-9695-4393-A108-9A65351EF328}.Release|Any CPU.Build.0 = Release|Any CPU
		{14519B66-9695-4393-A108-9A65351EF328}.Release|Any CPU.Deploy.0 = Release|Any CPU
		{2E43B17C-736B-49F7-BBBD-A5712F4BD75C}.Debug|Any CPU.ActiveCfg = Debug|Any CPU
		{2E43B17C-736B-49F7-BBBD-A5712F4BD75C}.Debug|Any CPU.Build.0 = Debug|Any CPU
		{2E43B17C-736B-49F7-BBBD-A5712F4BD75C}.Release|Any CPU.ActiveCfg = Release|Any CPU
		{2E43B17C-736B-49F7-BBBD-A5712F4BD75C}.Release|Any CPU.Build.0 = Release|Any CPU
		{CD1E0F10-FD82-45EC-8165-300A4D8B084E}.Debug|Any CPU.ActiveCfg = Debug|Any CPU
		{CD1E0F10-FD82-45EC-8165-300A4D8B084E}.Debug|Any CPU.Build.0 = Debug|Any CPU
		{CD1E0F10-FD82-45EC-8165-300A4D8B084E}.Release|Any CPU.ActiveCfg = Release|Any CPU
		{CD1E0F10-FD82-45EC-8165-300A4D8B084E}.Release|Any CPU.Build.0 = Release|Any CPU
		{320E5594-18DD-4CA3-A1C5-B3A5640E5D2C}.Debug|Any CPU.ActiveCfg = Debug|Any CPU
		{320E5594-18DD-4CA3-A1C5-B3A5640E5D2C}.Debug|Any CPU.Build.0 = Debug|Any CPU
		{320E5594-18DD-4CA3-A1C5-B3A5640E5D2C}.Release|Any CPU.ActiveCfg = Release|Any CPU
		{320E5594-18DD-4CA3-A1C5-B3A5640E5D2C}.Release|Any CPU.Build.0 = Release|Any CPU
		{DB74BD37-160C-441D-A33B-620789A8EDD3}.Debug|Any CPU.ActiveCfg = Debug|Any CPU
		{DB74BD37-160C-441D-A33B-620789A8EDD3}.Debug|Any CPU.Build.0 = Debug|Any CPU
		{DB74BD37-160C-441D-A33B-620789A8EDD3}.Release|Any CPU.ActiveCfg = Release|Any CPU
		{DB74BD37-160C-441D-A33B-620789A8EDD3}.Release|Any CPU.Build.0 = Release|Any CPU
		{50A9CFAF-F368-4F8D-B698-D837EFF70B1B}.Debug|Any CPU.ActiveCfg = Debug|Any CPU
		{50A9CFAF-F368-4F8D-B698-D837EFF70B1B}.Debug|Any CPU.Build.0 = Debug|Any CPU
		{50A9CFAF-F368-4F8D-B698-D837EFF70B1B}.Release|Any CPU.ActiveCfg = Release|Any CPU
		{50A9CFAF-F368-4F8D-B698-D837EFF70B1B}.Release|Any CPU.Build.0 = Release|Any CPU
		{45464429-708B-4797-8B08-8C79113179E4}.Debug|Any CPU.ActiveCfg = Debug|Any CPU
		{45464429-708B-4797-8B08-8C79113179E4}.Debug|Any CPU.Build.0 = Debug|Any CPU
		{45464429-708B-4797-8B08-8C79113179E4}.Release|Any CPU.ActiveCfg = Release|Any CPU
		{45464429-708B-4797-8B08-8C79113179E4}.Release|Any CPU.Build.0 = Release|Any CPU
		{00D031FC-3CE0-4907-9EF3-6EBDC4BB9B3F}.Debug|Any CPU.ActiveCfg = Debug|Any CPU
		{00D031FC-3CE0-4907-9EF3-6EBDC4BB9B3F}.Debug|Any CPU.Build.0 = Debug|Any CPU
		{00D031FC-3CE0-4907-9EF3-6EBDC4BB9B3F}.Release|Any CPU.ActiveCfg = Release|Any CPU
		{00D031FC-3CE0-4907-9EF3-6EBDC4BB9B3F}.Release|Any CPU.Build.0 = Release|Any CPU
		{FEF98AEC-94EF-4C8E-BBFE-2849CAA81F25}.Debug|Any CPU.ActiveCfg = Debug|Any CPU
		{FEF98AEC-94EF-4C8E-BBFE-2849CAA81F25}.Debug|Any CPU.Build.0 = Debug|Any CPU
		{FEF98AEC-94EF-4C8E-BBFE-2849CAA81F25}.Release|Any CPU.ActiveCfg = Release|Any CPU
		{FEF98AEC-94EF-4C8E-BBFE-2849CAA81F25}.Release|Any CPU.Build.0 = Release|Any CPU
		{ADA2F884-C573-40D9-B877-D9E0DD1AE73B}.Debug|Any CPU.ActiveCfg = Debug|Any CPU
		{ADA2F884-C573-40D9-B877-D9E0DD1AE73B}.Debug|Any CPU.Build.0 = Debug|Any CPU
		{ADA2F884-C573-40D9-B877-D9E0DD1AE73B}.Release|Any CPU.ActiveCfg = Release|Any CPU
		{ADA2F884-C573-40D9-B877-D9E0DD1AE73B}.Release|Any CPU.Build.0 = Release|Any CPU
		{599E24D1-ABE7-49A7-8212-2E16ACB40967}.Debug|Any CPU.ActiveCfg = Debug|Any CPU
		{599E24D1-ABE7-49A7-8212-2E16ACB40967}.Debug|Any CPU.Build.0 = Debug|Any CPU
		{599E24D1-ABE7-49A7-8212-2E16ACB40967}.Release|Any CPU.ActiveCfg = Release|Any CPU
		{599E24D1-ABE7-49A7-8212-2E16ACB40967}.Release|Any CPU.Build.0 = Release|Any CPU
		{C9B17965-C416-41E4-9814-19A967974F46}.Debug|Any CPU.ActiveCfg = Debug|Any CPU
		{C9B17965-C416-41E4-9814-19A967974F46}.Debug|Any CPU.Build.0 = Debug|Any CPU
		{C9B17965-C416-41E4-9814-19A967974F46}.Release|Any CPU.ActiveCfg = Release|Any CPU
		{C9B17965-C416-41E4-9814-19A967974F46}.Release|Any CPU.Build.0 = Release|Any CPU
	EndGlobalSection
	GlobalSection(SolutionProperties) = preSolution
		HideSolutionNode = FALSE
	EndGlobalSection
	GlobalSection(NestedProjects) = preSolution
		{5482EB46-B639-4B5E-A9A3-6FD492C7677E} = {B3CDE468-5519-4D1F-A6EA-878AB61FBBA2}
		{C54BC45D-3217-45B7-AE7C-940C5522B15B} = {B3CDE468-5519-4D1F-A6EA-878AB61FBBA2}
		{14519B66-9695-4393-A108-9A65351EF328} = {B3CDE468-5519-4D1F-A6EA-878AB61FBBA2}
		{2E43B17C-736B-49F7-BBBD-A5712F4BD75C} = {2BBAB671-D170-46C3-B188-1768511A5C3C}
		{320E5594-18DD-4CA3-A1C5-B3A5640E5D2C} = {2BBAB671-D170-46C3-B188-1768511A5C3C}
		{50A9CFAF-F368-4F8D-B698-D837EFF70B1B} = {90D304AC-67BA-40A2-A99A-2EA705FDE9AD}
		{F2B52CD4-640E-411E-A0A3-9C4C37AC88CA} = {0850D22B-3209-4423-A37A-D9A4525A0954}
		{40084E56-A551-4EE4-969D-AE3309F02D06} = {F2B52CD4-640E-411E-A0A3-9C4C37AC88CA}
		{17DC4CD9-8172-4DBC-9E2B-6B7826467693} = {F2B52CD4-640E-411E-A0A3-9C4C37AC88CA}
		{00D031FC-3CE0-4907-9EF3-6EBDC4BB9B3F} = {DB020BC2-D2C3-482B-BC74-1C4342AF5FEF}
		{ADA2F884-C573-40D9-B877-D9E0DD1AE73B} = {DB020BC2-D2C3-482B-BC74-1C4342AF5FEF}
		{599E24D1-ABE7-49A7-8212-2E16ACB40967} = {90D304AC-67BA-40A2-A99A-2EA705FDE9AD}
		{C9B17965-C416-41E4-9814-19A967974F46} = {90D304AC-67BA-40A2-A99A-2EA705FDE9AD}
	EndGlobalSection
	GlobalSection(ExtensibilityGlobals) = postSolution
		EnterpriseLibraryConfigurationToolBinariesPathV6 = packages\EnterpriseLibrary.Common.6.0.1304.0\lib\NET45;packages\EnterpriseLibrary.ExceptionHandling.6.0.1304.0\lib\NET45
		EnterpriseLibraryConfigurationToolBinariesPath = packages\Unity.2.1.505.0\lib\NET35;packages\Unity.Interception.2.1.505.0\lib\NET35;packages\EnterpriseLibrary.Common.5.0.505.0\lib\NET35;packages\EnterpriseLibrary.ExceptionHandling.5.0.505.0\lib\NET35
	EndGlobalSection
EndGlobal
